
Microsoft Visual Studio Solution File, Format Version 12.00
# Visual Studio Version 17
VisualStudioVersion = 17.9.34728.123
MinimumVisualStudioVersion = 10.0.40219.1
Project("{FAE04EC0-301F-11D3-BF4B-00C04F79EFBC}") = "OrangeLogin", "OrangeLogin\OrangeLogin.csproj", "{11AB2D0E-314B-4705-A83C-859AE91673B9}"
EndProject
Global
	GlobalSection(SolutionConfigurationPlatforms) = preSolution
		Debug|Any CPU = Debug|Any CPU
		Release|Any CPU = Release|Any CPU
	EndGlobalSection
	GlobalSection(ProjectConfigurationPlatforms) = postSolution
		{11AB2D0E-314B-4705-A83C-859AE91673B9}.Debug|Any CPU.ActiveCfg = Debug|Any CPU
		{11AB2D0E-314B-4705-A83C-859AE91673B9}.Debug|Any CPU.Build.0 = Debug|Any CPU
		{11AB2D0E-314B-4705-A83C-859AE91673B9}.Release|Any CPU.ActiveCfg = Release|Any CPU
		{11AB2D0E-314B-4705-A83C-859AE91673B9}.Release|Any CPU.Build.0 = Release|Any CPU
	EndGlobalSection
	GlobalSection(SolutionProperties) = preSolution
		HideSolutionNode = FALSE
	EndGlobalSection
	GlobalSection(ExtensibilityGlobals) = postSolution
		SolutionGuid = {77A9A776-4E8A-4D1B-9B76-BC5EF12217E8}
	EndGlobalSection
EndGlobal
